Microsoft Visual Studio Solution File, Format Version 12.00
# Visual Studio 2012
Project("{FAE04EC0-301F-11D3-BF4B-00C04F79EFBC}") = "CityGenerator", "CityGenerator.csproj", "{BA7B1A7D-7467-431E-A6AA-51DCE2B73083}"
EndProject
Global
	GlobalSection(SolutionConfigurationPlatforms) = preSolution
	Debug|Any CPU = Debug|Any CPU
	ExportDebug|Any CPU = ExportDebug|Any CPU
	ExportRelease|Any CPU = ExportRelease|Any CPU
	EndGlobalSection
	GlobalSection(ProjectConfigurationPlatforms) = postSolution
		{BA7B1A7D-7467-431E-A6AA-51DCE2B73083}.Debug|Any CPU.ActiveCfg = Debug|Any CPU
		{BA7B1A7D-7467-431E-A6AA-51DCE2B73083}.Debug|Any CPU.Build.0 = Debug|Any CPU
		{BA7B1A7D-7467-431E-A6AA-51DCE2B73083}.ExportDebug|Any CPU.ActiveCfg = ExportDebug|Any CPU
		{BA7B1A7D-7467-431E-A6AA-51DCE2B73083}.ExportDebug|Any CPU.Build.0 = ExportDebug|Any CPU
		{BA7B1A7D-7467-431E-A6AA-51DCE2B73083}.ExportRelease|Any CPU.ActiveCfg = ExportRelease|Any CPU
		{BA7B1A7D-7467-431E-A6AA-51DCE2B73083}.ExportRelease|Any CPU.Build.0 = ExportRelease|Any CPU
	EndGlobalSection
EndGlobal
